Microsoft Visual Studio Solution File, Format Version 12.00
# Visual Studio Version 17
VisualStudioVersion = 17.5.2.0
MinimumVisualStudioVersion = 10.0.40219.1
Project("{FAE04EC0-301F-11D3-BF4B-00C04F79EFBC}") = "OrderService", "src\OrderService\OrderService.csproj", "{F5D6AFB2-2E56-5C19-23C2-7D0AC365D2F9}"
EndProject
Project("{FAE04EC0-301F-11D3-BF4B-00C04F79EFBC}") = "PaymentService", "src\PaymentService\PaymentService.csproj", "{6E50567F-C95D-2CB6-19C7-1A0AFF32FD57}"
EndProject
Project("{FAE04EC0-301F-11D3-BF4B-00C04F79EFBC}") = "ShippingService", "src\ShippingService\ShippingService.csproj", "{D21E2827-9FFA-D7B3-DA8A-B846FBABEBF6}"
EndProject
Project("{FAE04EC0-301F-11D3-BF4B-00C04F79EFBC}") = "StockService", "src\StockService\StockService.csproj", "{EFA63DF9-ED33-43B6-B1CC-D05515347321}"
EndProject
Project("{2150E333-8FDC-42A3-9474-1A3956D46DE8}") = "SolutionItems", "SolutionItems", "{02EA681E-C7D8-13C7-8484-4AC65E1B71E8}"
	ProjectSection(SolutionItems) = preProject
		docker-compose.yaml = docker-compose.yaml
		README.md = README.md
	EndProjectSection
EndProject
Global
	GlobalSection(SolutionConfigurationPlatforms) = preSolution
		Debug|Any CPU = Debug|Any CPU
		Release|Any CPU = Release|Any CPU
	EndGlobalSection
	GlobalSection(ProjectConfigurationPlatforms) = postSolution
		{F5D6AFB2-2E56-5C19-23C2-7D0AC365D2F9}.Debug|Any CPU.ActiveCfg = Debug|Any CPU
		{F5D6AFB2-2E56-5C19-23C2-7D0AC365D2F9}.Debug|Any CPU.Build.0 = Debug|Any CPU
		{F5D6AFB2-2E56-5C19-23C2-7D0AC365D2F9}.Release|Any CPU.ActiveCfg = Release|Any CPU
		{F5D6AFB2-2E56-5C19-23C2-7D0AC365D2F9}.Release|Any CPU.Build.0 = Release|Any CPU
		{6E50567F-C95D-2CB6-19C7-1A0AFF32FD57}.Debug|Any CPU.ActiveCfg = Debug|Any CPU
		{6E50567F-C95D-2CB6-19C7-1A0AFF32FD57}.Debug|Any CPU.Build.0 = Debug|Any CPU
		{6E50567F-C95D-2CB6-19C7-1A0AFF32FD57}.Release|Any CPU.ActiveCfg = Release|Any CPU
		{6E50567F-C95D-2CB6-19C7-1A0AFF32FD57}.Release|Any CPU.Build.0 = Release|Any CPU
		{D21E2827-9FFA-D7B3-DA8A-B846FBABEBF6}.Debug|Any CPU.ActiveCfg = Debug|Any CPU
		{D21E2827-9FFA-D7B3-DA8A-B846FBABEBF6}.Debug|Any CPU.Build.0 = Debug|Any CPU
		{D21E2827-9FFA-D7B3-DA8A-B846FBABEBF6}.Release|Any CPU.ActiveCfg = Release|Any CPU
		{D21E2827-9FFA-D7B3-DA8A-B846FBABEBF6}.Release|Any CPU.Build.0 = Release|Any CPU
		{EFA63DF9-ED33-43B6-B1CC-D05515347321}.Debug|Any CPU.ActiveCfg = Debug|Any CPU
		{EFA63DF9-ED33-43B6-B1CC-D05515347321}.Debug|Any CPU.Build.0 = Debug|Any CPU
		{EFA63DF9-ED33-43B6-B1CC-D05515347321}.Release|Any CPU.ActiveCfg = Release|Any CPU
		{EFA63DF9-ED33-43B6-B1CC-D05515347321}.Release|Any CPU.Build.0 = Release|Any CPU
	EndGlobalSection
	GlobalSection(SolutionProperties) = preSolution
		HideSolutionNode = FALSE
	EndGlobalSection
	GlobalSection(ExtensibilityGlobals) = postSolution
		SolutionGuid = {2A8AE34B-B91C-4727-BE08-79C691D45FDC}
	EndGlobalSection
EndGlobal
